{
  "name": "smarkup",
  "version": "1.0.0",
  "lockfileVersion": 3,
  "requires": true,
  "packages": {
    "": {
      "name": "smarkup",
      "version": "1.0.0",
      "license": "ISC",
      "devDependencies": {
        "lovecraft": "file:../lovecraft"
      }
    },
    "../lovecraft": {
      "version": "1.0.0",
      "dev": true,
      "license": "MIT",
      "dependencies": {
        "c8": "^10.1.2",
        "chai": "^5.1.1",
        "mocha": "^10.7.3",
        "sinon": "^19.0.2"
      },
      "bin": {
        "lovecraft": "cli.js"
      }
    },
    "node_modules/lovecraft": {
      "resolved": "../lovecraft",
      "link": true
    }
  }
}
